// !$*UTF8*$!
{
	archiveVersion = 1;
	classes = {
	};
	objectVersion = 50;
	objects = {

/* Begin PBXBuildFile section */
		0966FC2B22B7C25D0025D732 /* AppDelegate.swift in Sources */ = {isa = PBXBuildFile; fileRef = 0966FC2A22B7C25D0025D732 /* AppDelegate.swift */; };
		0966FC2D22B7C25D0025D732 /* CameraViewController.swift in Sources */ = {isa = PBXBuildFile; fileRef = 0966FC2C22B7C25D0025D732 /* CameraViewController.swift */; };
		0966FC3022B7C25D0025D732 /* Main.storyboard in Resources */ = {isa = PBXBuildFile; fileRef = 0966FC2E22B7C25D0025D732 /* Main.storyboard */; };
		0966FC3222B7C25F0025D732 /* Assets.xcassets in Resources */ = {isa = PBXBuildFile; fileRef = 0966FC3122B7C25F0025D732 /* Assets.xcassets */; };
		0966FC3522B7C25F0025D732 /* LaunchScreen.storyboard in Resources */ = {isa = PBXBuildFile; fileRef = 0966FC3322B7C25F0025D732 /* LaunchScreen.storyboard */; };
		0966FC3E22B7C4680025D732 /* VideoViewController.swift in Sources */ = {isa = PBXBuildFile; fileRef = 0966FC3D22B7C4680025D732 /* VideoViewController.swift */; };
		0966FC4022B7C4820025D732 /* AudioViewController.swift in Sources */ = {isa = PBXBuildFile; fileRef = 0966FC3F22B7C4820025D732 /* AudioViewController.swift */; };
		09B7CC1F22DF65A60012D838 /* FlashModeBar.swift in Sources */ = {isa = PBXBuildFile; fileRef = 09B7CC1E22DF65A60012D838 /* FlashModeBar.swift */; };
		09B7CC2122DF65BB0012D838 /* FlashModeBar.xib in Resources */ = {isa = PBXBuildFile; fileRef = 09B7CC2022DF65BB0012D838 /* FlashModeBar.xib */; };
		09BEF41222D9D17C007BAD12 /* CoreMIDI.framework in Frameworks */ = {isa = PBXBuildFile; fileRef = 09BEF41122D9D17C007BAD12 /* CoreMIDI.framework */; };
		09BF72D922E3184A00EAC931 /* CoUtiles.framework in Frameworks */ = {isa = PBXBuildFile; fileRef = 09BF72D622E3182700EAC931 /* CoUtiles.framework */; };
		09BF72DA22E3184A00EAC931 /* CoUtiles.framework in Embed Frameworks */ = {isa = PBXBuildFile; fileRef = 09BF72D622E3182700EAC931 /* CoUtiles.framework */; settings = {ATTRIBUTES = (CodeSignOnCopy, RemoveHeadersOnCopy, ); }; };
		09BF72E622E31FD100EAC931 /* CaptureOptionTableview.swift in Sources */ = {isa = PBXBuildFile; fileRef = 09BF72E222E31FD100EAC931 /* CaptureOptionTableview.swift */; };
		09BF72E722E31FD100EAC931 /* CaptureOptionTableview.xib in Resources */ = {isa = PBXBuildFile; fileRef = 09BF72E522E31FD100EAC931 /* CaptureOptionTableview.xib */; };
		09BF72E922E3200700EAC931 /* CaptureOptionalUnit.swift in Sources */ = {isa = PBXBuildFile; fileRef = 09BF72E822E3200700EAC931 /* CaptureOptionalUnit.swift */; };
		09BF72EC22E3202E00EAC931 /* CaptureOptionCell.swift in Sources */ = {isa = PBXBuildFile; fileRef = 09BF72EA22E3202E00EAC931 /* CaptureOptionCell.swift */; };
		09BF72ED22E3202E00EAC931 /* CaptureOptionCell.xib in Resources */ = {isa = PBXBuildFile; fileRef = 09BF72EB22E3202E00EAC931 /* CaptureOptionCell.xib */; };
		09BF72F022E3212B00EAC931 /* CaptureOptionSliderCell.swift in Sources */ = {isa = PBXBuildFile; fileRef = 09BF72EE22E3212B00EAC931 /* CaptureOptionSliderCell.swift */; };
		09BF72F122E3212B00EAC931 /* CaptureOptionSliderCell.xib in Resources */ = {isa = PBXBuildFile; fileRef = 09BF72EF22E3212B00EAC931 /* CaptureOptionSliderCell.xib */; };
		09BF72F422E34CBF00EAC931 /* CaptureCellConfig.json in Resources */ = {isa = PBXBuildFile; fileRef = 09BF72F322E34CBF00EAC931 /* CaptureCellConfig.json */; };
/* End PBXBuildFile section */

/* Begin PBXContainerItemProxy section */
		09BF72D522E3182700EAC931 /* PBXContainerItemProxy */ = {
			isa = PBXContainerItemProxy;
			containerPortal = 09BF72D022E3182700EAC931 /* CoUtiles.xcodeproj */;
			proxyType = 2;
			remoteGlobalIDString = 098DBB6A22E202F600A9C325;
			remoteInfo = CoUtiles;
		};
		09BF72D722E3182700EAC931 /* PBXContainerItemProxy */ = {
			isa = PBXContainerItemProxy;
			containerPortal = 09BF72D022E3182700EAC931 /* CoUtiles.xcodeproj */;
			proxyType = 2;
			remoteGlobalIDString = 098DBB7322E202F600A9C325;
			remoteInfo = CoUtilesTests;
		};
/* End PBXContainerItemProxy section */

/* Begin PBXCopyFilesBuildPhase section */
		09BF72CC22E3159600EAC931 /* Embed Frameworks */ = {
			isa = PBXCopyFilesBuildPhase;
			buildActionMask = 2147483647;
			dstPath = "";
			dstSubfolderSpec = 10;
			files = (
				09BF72DA22E3184A00EAC931 /* CoUtiles.framework in Embed Frameworks */,
			);
			name = "Embed Frameworks";
			runOnlyForDeploymentPostprocessing = 0;
		};
/* End PBXCopyFilesBuildPhase section */

/* Begin PBXFileReference section */
		0966FC2722B7C25D0025D732 /* MediaUtils.app */ = {isa = PBXFileReference; explicitFileType = wrapper.application; includeInIndex = 0; path = MediaUtils.app; sourceTree = BUILT_PRODUCTS_DIR; };
		0966FC2A22B7C25D0025D732 /* AppDelegate.swift */ = {isa = PBXFileReference; lastKnownFileType = sourcecode.swift; path = AppDelegate.swift; sourceTree = "<group>"; };
		0966FC2C22B7C25D0025D732 /* CameraViewController.swift */ = {isa = PBXFileReference; lastKnownFileType = sourcecode.swift; path = CameraViewController.swift; sourceTree = "<group>"; };
		0966FC2F22B7C25D0025D732 /* Base */ = {isa = PBXFileReference; lastKnownFileType = file.storyboard; name = Base; path = Base.lproj/Main.storyboard; sourceTree = "<group>"; };
		0966FC3122B7C25F0025D732 /* Assets.xcassets */ = {isa = PBXFileReference; lastKnownFileType = folder.assetcatalog; path = Assets.xcassets; sourceTree = "<group>"; };
		0966FC3422B7C25F0025D732 /* Base */ = {isa = PBXFileReference; lastKnownFileType = file.storyboard; name = Base; path = Base.lproj/LaunchScreen.storyboard; sourceTree = "<group>"; };
		0966FC3622B7C25F0025D732 /* Info.plist */ = {isa = PBXFileReference; lastKnownFileType = text.plist.xml; path = Info.plist; sourceTree = "<group>"; };
		0966FC3D22B7C4680025D732 /* VideoViewController.swift */ = {isa = PBXFileReference; lastKnownFileType = sourcecode.swift; path = VideoViewController.swift; sourceTree = "<group>"; };
		0966FC3F22B7C4820025D732 /* AudioViewController.swift */ = {isa = PBXFileReference; lastKnownFileType = sourcecode.swift; path = AudioViewController.swift; sourceTree = "<group>"; };
		09B7CC1E22DF65A60012D838 /* FlashModeBar.swift */ = {isa = PBXFileReference; lastKnownFileType = sourcecode.swift; path = FlashModeBar.swift; sourceTree = "<group>"; };
		09B7CC2022DF65BB0012D838 /* FlashModeBar.xib */ = {isa = PBXFileReference; lastKnownFileType = file.xib; path = FlashModeBar.xib; sourceTree = "<group>"; };
		09BEF41122D9D17C007BAD12 /* CoreMIDI.framework */ = {isa = PBXFileReference; lastKnownFileType = wrapper.framework; name = CoreMIDI.framework; path = System/Library/Frameworks/CoreMIDI.framework; sourceTree = SDKROOT; };
		09BF72D022E3182700EAC931 /* CoUtiles.xcodeproj */ = {isa = PBXFileReference; lastKnownFileType = "wrapper.pb-project"; name = CoUtiles.xcodeproj; path = frameworks/CoUtils/CoUtiles.xcodeproj; sourceTree = "<group>"; };
		09BF72E222E31FD100EAC931 /* CaptureOptionTableview.swift */ = {isa = PBXFileReference; fileEncoding = 4; lastKnownFileType = sourcecode.swift; path = CaptureOptionTableview.swift; sourceTree = "<group>"; };
		09BF72E522E31FD100EAC931 /* CaptureOptionTableview.xib */ = {isa = PBXFileReference; fileEncoding = 4; lastKnownFileType = file.xib; path = CaptureOptionTableview.xib; sourceTree = "<group>"; };
		09BF72E822E3200700EAC931 /* CaptureOptionalUnit.swift */ = {isa = PBXFileReference; lastKnownFileType = sourcecode.swift; name = CaptureOptionalUnit.swift; path = MediaUtils/Models/CaptureOptionalUnit.swift; sourceTree = SOURCE_ROOT; };
		09BF72EA22E3202E00EAC931 /* CaptureOptionCell.swift */ = {isa = PBXFileReference; lastKnownFileType = sourcecode.swift; path = CaptureOptionCell.swift; sourceTree = "<group>"; };
		09BF72EB22E3202E00EAC931 /* CaptureOptionCell.xib */ = {isa = PBXFileReference; lastKnownFileType = file.xib; path = CaptureOptionCell.xib; sourceTree = "<group>"; };
		09BF72EE22E3212B00EAC931 /* CaptureOptionSliderCell.swift */ = {isa = PBXFileReference; lastKnownFileType = sourcecode.swift; path = CaptureOptionSliderCell.swift; sourceTree = "<group>"; };
		09BF72EF22E3212B00EAC931 /* CaptureOptionSliderCell.xib */ = {isa = PBXFileReference; lastKnownFileType = file.xib; path = CaptureOptionSliderCell.xib; sourceTree = "<group>"; };
		09BF72F322E34CBF00EAC931 /* CaptureCellConfig.json */ = {isa = PBXFileReference; lastKnownFileType = text.json; name = CaptureCellConfig.json; path = MediaUtils/CaptureCellConfig.json; sourceTree = SOURCE_ROOT; };
/* End PBXFileReference section */

/* Begin PBXFrameworksBuildPhase section */
		0966FC2422B7C25D0025D732 /* Frameworks */ = {
			isa = PBXFrameworksBuildPhase;
			buildActionMask = 2147483647;
			files = (
				09BF72D922E3184A00EAC931 /* CoUtiles.framework in Frameworks */,
				09BEF41222D9D17C007BAD12 /* CoreMIDI.framework in Frameworks */,
			);
			runOnlyForDeploymentPostprocessing = 0;
		};
/* End PBXFrameworksBuildPhase section */

/* Begin PBXGroup section */
		0966FC1E22B7C25D0025D732 = {
			isa = PBXGroup;
			children = (
				09BF72D022E3182700EAC931 /* CoUtiles.xcodeproj */,
				0966FC2922B7C25D0025D732 /* MediaUtils */,
				0966FC2822B7C25D0025D732 /* Products */,
				09BEF41022D9D17C007BAD12 /* Frameworks */,
			);
			sourceTree = "<group>";
		};
		0966FC2822B7C25D0025D732 /* Products */ = {
			isa = PBXGroup;
			children = (
				0966FC2722B7C25D0025D732 /* MediaUtils.app */,
			);
			name = Products;
			sourceTree = "<group>";
		};
		0966FC2922B7C25D0025D732 /* MediaUtils */ = {
			isa = PBXGroup;
			children = (
				09BF72F222E34CB000EAC931 /* Datas */,
				09B7CC1D22DF65780012D838 /* Views */,
				0966FC4122B7C48B0025D732 /* Models */,
				0966FC3C22B7C41D0025D732 /* VIewControllers */,
				0966FC2A22B7C25D0025D732 /* AppDelegate.swift */,
				0966FC2E22B7C25D0025D732 /* Main.storyboard */,
				0966FC3122B7C25F0025D732 /* Assets.xcassets */,
				0966FC3322B7C25F0025D732 /* LaunchScreen.storyboard */,
				0966FC3622B7C25F0025D732 /* Info.plist */,
			);
			path = MediaUtils;
			sourceTree = "<group>";
		};
		0966FC3C22B7C41D0025D732 /* VIewControllers */ = {
			isa = PBXGroup;
			children = (
				0966FC2C22B7C25D0025D732 /* CameraViewController.swift */,
				0966FC3D22B7C4680025D732 /* VideoViewController.swift */,
				0966FC3F22B7C4820025D732 /* AudioViewController.swift */,
			);
			path = VIewControllers;
			sourceTree = "<group>";
		};
		0966FC4122B7C48B0025D732 /* Models */ = {
			isa = PBXGroup;
			children = (
				09BF72E822E3200700EAC931 /* CaptureOptionalUnit.swift */,
			);
			path = Models;
			sourceTree = "<group>";
		};
		09B7CC1D22DF65780012D838 /* Views */ = {
			isa = PBXGroup;
			children = (
				09BF72E222E31FD100EAC931 /* CaptureOptionTableview.swift */,
				09BF72E522E31FD100EAC931 /* CaptureOptionTableview.xib */,
				09B7CC1E22DF65A60012D838 /* FlashModeBar.swift */,
				09B7CC2022DF65BB0012D838 /* FlashModeBar.xib */,
				09BF72EA22E3202E00EAC931 /* CaptureOptionCell.swift */,
				09BF72EB22E3202E00EAC931 /* CaptureOptionCell.xib */,
				09BF72EE22E3212B00EAC931 /* CaptureOptionSliderCell.swift */,
				09BF72EF22E3212B00EAC931 /* CaptureOptionSliderCell.xib */,
			);
			path = Views;
			sourceTree = "<group>";
		};
		09BEF41022D9D17C007BAD12 /* Frameworks */ = {
			isa = PBXGroup;
			children = (
				09BEF41122D9D17C007BAD12 /* CoreMIDI.framework */,
			);
			name = Frameworks;
			sourceTree = "<group>";
		};
		09BF72D122E3182700EAC931 /* Products */ = {
			isa = PBXGroup;
			children = (
				09BF72D622E3182700EAC931 /* CoUtiles.framework */,
				09BF72D822E3182700EAC931 /* CoUtilesTests.xctest */,
			);
			name = Products;
			sourceTree = "<group>";
		};
		09BF72F222E34CB000EAC931 /* Datas */ = {
			isa = PBXGroup;
			children = (
				09BF72F322E34CBF00EAC931 /* CaptureCellConfig.json */,
			);
			path = Datas;
			sourceTree = "<group>";
		};
/* End PBXGroup section */

/* Begin PBXNativeTarget section */
		0966FC2622B7C25D0025D732 /* MediaUtils */ = {
			isa = PBXNativeTarget;
			buildConfigurationList = 0966FC3922B7C25F0025D732 /* Build configuration list for PBXNativeTarget "MediaUtils" */;
			buildPhases = (
				0966FC2322B7C25D0025D732 /* Sources */,
				0966FC2422B7C25D0025D732 /* Frameworks */,
				0966FC2522B7C25D0025D732 /* Resources */,
				09BF72CC22E3159600EAC931 /* Embed Frameworks */,
			);
			buildRules = (
			);
			dependencies = (
			);
			name = MediaUtils;
			productName = MediaUtils;
			productReference = 0966FC2722B7C25D0025D732 /* MediaUtils.app */;
			productType = "com.apple.product-type.application";
		};
/* End PBXNativeTarget section */

/* Begin PBXProject section */
		0966FC1F22B7C25D0025D732 /* Project object */ = {
			isa = PBXProject;
			attributes = {
				LastSwiftUpdateCheck = 1020;
				LastUpgradeCheck = 1020;
				ORGANIZATIONNAME = "YJ Huang";
				TargetAttributes = {
					0966FC2622B7C25D0025D732 = {
						CreatedOnToolsVersion = 10.2.1;
					};
				};
			};
			buildConfigurationList = 0966FC2222B7C25D0025D732 /* Build configuration list for PBXProject "MediaUtils" */;
			compatibilityVersion = "Xcode 9.3";
			developmentRegion = en;
			hasScannedForEncodings = 0;
			knownRegions = (
				en,
				Base,
			);
			mainGroup = 0966FC1E22B7C25D0025D732;
			productRefGroup = 0966FC2822B7C25D0025D732 /* Products */;
			projectDirPath = "";
			projectReferences = (
				{
					ProductGroup = 09BF72D122E3182700EAC931 /* Products */;
					ProjectRef = 09BF72D022E3182700EAC931 /* CoUtiles.xcodeproj */;
				},
			);
			projectRoot = "";
			targets = (
				0966FC2622B7C25D0025D732 /* MediaUtils */,
			);
		};
/* End PBXProject section */

/* Begin PBXReferenceProxy section */
		09BF72D622E3182700EAC931 /* CoUtiles.framework */ = {
			isa = PBXReferenceProxy;
			fileType = wrapper.framework;
			path = CoUtiles.framework;
			remoteRef = 09BF72D522E3182700EAC931 /* PBXContainerItemProxy */;
			sourceTree = BUILT_PRODUCTS_DIR;
		};
		09BF72D822E3182700EAC931 /* CoUtilesTests.xctest */ = {
			isa = PBXReferenceProxy;
			fileType = wrapper.cfbundle;
			path = CoUtilesTests.xctest;
			remoteRef = 09BF72D722E3182700EAC931 /* PBXContainerItemProxy */;
			sourceTree = BUILT_PRODUCTS_DIR;
		};
/* End PBXReferenceProxy section */

/* Begin PBXResourcesBuildPhase section */
		0966FC2522B7C25D0025D732 /* Resources */ = {
			isa = PBXResourcesBuildPhase;
			buildActionMask = 2147483647;
			files = (
				09BF72F422E34CBF00EAC931 /* CaptureCellConfig.json in Resources */,
				0966FC3522B7C25F0025D732 /* LaunchScreen.storyboard in Resources */,
				09BF72ED22E3202E00EAC931 /* CaptureOptionCell.xib in Resources */,
				09BF72F122E3212B00EAC931 /* CaptureOptionSliderCell.xib in Resources */,
				09B7CC2122DF65BB0012D838 /* FlashModeBar.xib in Resources */,
				09BF72E722E31FD100EAC931 /* CaptureOptionTableview.xib in Resources */,
				0966FC3222B7C25F0025D732 /* Assets.xcassets in Resources */,
				0966FC3022B7C25D0025D732 /* Main.storyboard in Resources */,
			);
			runOnlyForDeploymentPostprocessing = 0;
		};
/* End PBXResourcesBuildPhase section */

/* Begin PBXSourcesBuildPhase section */
		0966FC2322B7C25D0025D732 /* Sources */ = {
			isa = PBXSourcesBuildPhase;
			buildActionMask = 2147483647;
			files = (
				09BF72E922E3200700EAC931 /* CaptureOptionalUnit.swift in Sources */,
				0966FC2D22B7C25D0025D732 /* CameraViewController.swift in Sources */,
				0966FC4022B7C4820025D732 /* AudioViewController.swift in Sources */,
				0966FC2B22B7C25D0025D732 /* AppDelegate.swift in Sources */,
				0966FC3E22B7C4680025D732 /* VideoViewController.swift in Sources */,
				09B7CC1F22DF65A60012D838 /* FlashModeBar.swift in Sources */,
				09BF72E622E31FD100EAC931 /* CaptureOptionTableview.swift in Sources */,
				09BF72EC22E3202E00EAC931 /* CaptureOptionCell.swift in Sources */,
				09BF72F022E3212B00EAC931 /* CaptureOptionSliderCell.swift in Sources */,
			);
			runOnlyForDeploymentPostprocessing = 0;
		};
/* End PBXSourcesBuildPhase section */

/* Begin PBXVariantGroup section */
		0966FC2E22B7C25D0025D732 /* Main.storyboard */ = {
			isa = PBXVariantGroup;
			children = (
				0966FC2F22B7C25D0025D732 /* Base */,
			);
			name = Main.storyboard;
			sourceTree = "<group>";
		};
		0966FC3322B7C25F0025D732 /* LaunchScreen.storyboard */ = {
			isa = PBXVariantGroup;
			children = (
				0966FC3422B7C25F0025D732 /* Base */,
			);
			name = LaunchScreen.storyboard;
			sourceTree = "<group>";
		};
/* End PBXVariantGroup section */

/* Begin XCBuildConfiguration section */
		0966FC3722B7C25F0025D732 /* Debug */ = {
			isa = XCBuildConfiguration;
			buildSettings = {
				ALWAYS_SEARCH_USER_PATHS = NO;
				CLANG_ANALYZER_NONNULL = YES;
				CLANG_ANALYZER_NUMBER_OBJECT_CONVERSION = YES_AGGRESSIVE;
				CLANG_CXX_LANGUAGE_STANDARD = "gnu++14";
				CLANG_CXX_LIBRARY = "libc++";
				CLANG_ENABLE_MODULES = YES;
				CLANG_ENABLE_OBJC_ARC = YES;
				CLANG_ENABLE_OBJC_WEAK = YES;
				CLANG_WARN_BLOCK_CAPTURE_AUTORELEASING = YES;
				CLANG_WARN_BOOL_CONVERSION = YES;
				CLANG_WARN_COMMA = YES;
				CLANG_WARN_CONSTANT_CONVERSION = YES;
				CLANG_WARN_DEPRECATED_OBJC_IMPLEMENTATIONS = YES;
				CLANG_WARN_DIRECT_OBJC_ISA_USAGE = YES_ERROR;
				CLANG_WARN_DOCUMENTATION_COMMENTS = YES;
				CLANG_WARN_EMPTY_BODY = YES;
				CLANG_WARN_ENUM_CONVERSION = YES;
				CLANG_WARN_INFINITE_RECURSION = YES;
				CLANG_WARN_INT_CONVERSION = YES;
				CLANG_WARN_NON_LITERAL_NULL_CONVERSION = YES;
				CLANG_WARN_OBJC_IMPLICIT_RETAIN_SELF = YES;
				CLANG_WARN_OBJC_LITERAL_CONVERSION = YES;
				CLANG_WARN_OBJC_ROOT_CLASS = YES_ERROR;
				CLANG_WARN_RANGE_LOOP_ANALYSIS = YES;
				CLANG_WARN_STRICT_PROTOTYPES = YES;
				CLANG_WARN_SUSPICIOUS_MOVE = YES;
				CLANG_WARN_UNGUARDED_AVAILABILITY = YES_AGGRESSIVE;
				CLANG_WARN_UNREACHABLE_CODE = YES;
				CLANG_WARN__DUPLICATE_METHOD_MATCH = YES;
				CODE_SIGN_IDENTITY = "iPhone Developer";
				COPY_PHASE_STRIP = NO;
				DEBUG_INFORMATION_FORMAT = dwarf;
				ENABLE_STRICT_OBJC_MSGSEND = YES;
				ENABLE_TESTABILITY = YES;
				GCC_C_LANGUAGE_STANDARD = gnu11;
				GCC_DYNAMIC_NO_PIC = NO;
				GCC_NO_COMMON_BLOCKS = YES;
				GCC_OPTIMIZATION_LEVEL = 0;
				GCC_PREPROCESSOR_DEFINITIONS = (
					"DEBUG=1",
					"$(inherited)",
				);
				GCC_WARN_64_TO_32_BIT_CONVERSION = YES;
				GCC_WARN_ABOUT_RETURN_TYPE = YES_ERROR;
				GCC_WARN_UNDECLARED_SELECTOR = YES;
				GCC_WARN_UNINITIALIZED_AUTOS = YES_AGGRESSIVE;
				GCC_WARN_UNUSED_FUNCTION = YES;
				GCC_WARN_UNUSED_VARIABLE = YES;
				IPHONEOS_DEPLOYMENT_TARGET = 12.2;
				MTL_ENABLE_DEBUG_INFO = INCLUDE_SOURCE;
				MTL_FAST_MATH = YES;
				ONLY_ACTIVE_ARCH = YES;
				SDKROOT = iphoneos;
				SWIFT_ACTIVE_COMPILATION_CONDITIONS = DEBUG;
				SWIFT_OPTIMIZATION_LEVEL = "-Onone";
			};
			name = Debug;
		};
		0966FC3822B7C25F0025D732 /* Release */ = {
			isa = XCBuildConfiguration;
			buildSettings = {
				ALWAYS_SEARCH_USER_PATHS = NO;
				CLANG_ANALYZER_NONNULL = YES;
				CLANG_ANALYZER_NUMBER_OBJECT_CONVERSION = YES_AGGRESSIVE;
				CLANG_CXX_LANGUAGE_STANDARD = "gnu++14";
				CLANG_CXX_LIBRARY = "libc++";
				CLANG_ENABLE_MODULES = YES;
				CLANG_ENABLE_OBJC_ARC = YES;
				CLANG_ENABLE_OBJC_WEAK = YES;
				CLANG_WARN_BLOCK_CAPTURE_AUTORELEASING = YES;
				CLANG_WARN_BOOL_CONVERSION = YES;
				CLANG_WARN_COMMA = YES;
				CLANG_WARN_CONSTANT_CONVERSION = YES;
				CLANG_WARN_DEPRECATED_OBJC_IMPLEMENTATIONS = YES;
				CLANG_WARN_DIRECT_OBJC_ISA_USAGE = YES_ERROR;
				CLANG_WARN_DOCUMENTATION_COMMENTS = YES;
				CLANG_WARN_EMPTY_BODY = YES;
				CLANG_WARN_ENUM_CONVERSION = YES;
				CLANG_WARN_INFINITE_RECURSION = YES;
				CLANG_WARN_INT_CONVERSION = YES;
				CLANG_WARN_NON_LITERAL_NULL_CONVERSION = YES;
				CLANG_WARN_OBJC_IMPLICIT_RETAIN_SELF = YES;
				CLANG_WARN_OBJC_LITERAL_CONVERSION = YES;
				CLANG_WARN_OBJC_ROOT_CLASS = YES_ERROR;
				CLANG_WARN_RANGE_LOOP_ANALYSIS = YES;
				CLANG_WARN_STRICT_PROTOTYPES = YES;
				CLANG_WARN_SUSPICIOUS_MOVE = YES;
				CLANG_WARN_UNGUARDED_AVAILABILITY = YES_AGGRESSIVE;
				CLANG_WARN_UNREACHABLE_CODE = YES;
				CLANG_WARN__DUPLICATE_METHOD_MATCH = YES;
				CODE_SIGN_IDENTITY = "iPhone Developer";
				COPY_PHASE_STRIP = NO;
				DEBUG_INFORMATION_FORMAT = "dwarf-with-dsym";
				ENABLE_NS_ASSERTIONS = NO;
				ENABLE_STRICT_OBJC_MSGSEND = YES;
				GCC_C_LANGUAGE_STANDARD = gnu11;
				GCC_NO_COMMON_BLOCKS = YES;
				GCC_WARN_64_TO_32_BIT_CONVERSION = YES;
				GCC_WARN_ABOUT_RETURN_TYPE = YES_ERROR;
				GCC_WARN_UNDECLARED_SELECTOR = YES;
				GCC_WARN_UNINITIALIZED_AUTOS = YES_AGGRESSIVE;
				GCC_WARN_UNUSED_FUNCTION = YES;
				GCC_WARN_UNUSED_VARIABLE = YES;
				IPHONEOS_DEPLOYMENT_TARGET = 12.2;
				MTL_ENABLE_DEBUG_INFO = NO;
				MTL_FAST_MATH = YES;
				SDKROOT = iphoneos;
				SWIFT_COMPILATION_MODE = wholemodule;
				SWIFT_OPTIMIZATION_LEVEL = "-O";
				VALIDATE_PRODUCT = YES;
			};
			name = Release;
		};
		0966FC3A22B7C25F0025D732 /* Debug */ = {
			isa = XCBuildConfiguration;
			buildSettings = {
				ASSETCATALOG_COMPILER_APPICON_NAME = AppIcon;
				CODE_SIGN_STYLE = Automatic;
				DEVELOPMENT_TEAM = LQYRMHEZEZ;
				INFOPLIST_FILE = MediaUtils/Info.plist;
				IPHONEOS_DEPLOYMENT_TARGET = 12.0;
				LD_RUNPATH_SEARCH_PATHS = (
					"$(inherited)",
					"@executable_path/Frameworks",
				);
				PRODUCT_BUNDLE_IDENTIFIER = tw.com.jHuang.MediaUtils;
				PRODUCT_NAME = "$(TARGET_NAME)";
				SWIFT_VERSION = 5.0;
				TARGETED_DEVICE_FAMILY = 1;
			};
			name = Debug;
		};
		0966FC3B22B7C25F0025D732 /* Release */ = {
			isa = XCBuildConfiguration;
			buildSettings = {
				ASSETCATALOG_COMPILER_APPICON_NAME = AppIcon;
				CODE_SIGN_STYLE = Automatic;
				DEVELOPMENT_TEAM = LQYRMHEZEZ;
				INFOPLIST_FILE = MediaUtils/Info.plist;
				IPHONEOS_DEPLOYMENT_TARGET = 12.0;
				LD_RUNPATH_SEARCH_PATHS = (
					"$(inherited)",
					"@executable_path/Frameworks",
				);
				PRODUCT_BUNDLE_IDENTIFIER = tw.com.jHuang.MediaUtils;
				PRODUCT_NAME = "$(TARGET_NAME)";
				SWIFT_VERSION = 5.0;
				TARGETED_DEVICE_FAMILY = 1;
			};
			name = Release;
		};
/* End XCBuildConfiguration section */

/* Begin XCConfigurationList section */
		0966FC2222B7C25D0025D732 /* Build configuration list for PBXProject "MediaUtils" */ = {
			isa = XCConfigurationList;
			buildConfigurations = (
				0966FC3722B7C25F0025D732 /* Debug */,
				0966FC3822B7C25F0025D732 /* Release */,
			);
			defaultConfigurationIsVisible = 0;
			defaultConfigurationName = Release;
		};
		0966FC3922B7C25F0025D732 /* Build configuration list for PBXNativeTarget "MediaUtils" */ = {
			isa = XCConfigurationList;
			buildConfigurations = (
				0966FC3A22B7C25F0025D732 /* Debug */,
				0966FC3B22B7C25F0025D732 /* Release */,
			);
			defaultConfigurationIsVisible = 0;
			defaultConfigurationName = Release;
		};
/* End XCConfigurationList section */
	};
	rootObject = 0966FC1F22B7C25D0025D732 /* Project object */;
}
